
Microsoft Visual Studio Solution File, Format Version 12.00
# Visual Studio Version 17
VisualStudioVersion = 17.6.33815.320
MinimumVisualStudioVersion = 10.0.40219.1
Project("{FAE04EC0-301F-11D3-BF4B-00C04F79EFBC}") = "Snake", "Snake\Snake.csproj", "{57FF3E6E-D477-4430-A998-1C7E42E88CBA}"
EndProject
Global
	GlobalSection(SolutionConfigurationPlatforms) = preSolution
		Debug|Any CPU = Debug|Any CPU
		Release|Any CPU = Release|Any CPU
	EndGlobalSection
	GlobalSection(ProjectConfigurationPlatforms) = postSolution
		{57FF3E6E-D477-4430-A998-1C7E42E88CBA}.Debug|Any CPU.ActiveCfg = Debug|Any CPU
		{57FF3E6E-D477-4430-A998-1C7E42E88CBA}.Debug|Any CPU.Build.0 = Debug|Any CPU
		{57FF3E6E-D477-4430-A998-1C7E42E88CBA}.Release|Any CPU.ActiveCfg = Release|Any CPU
		{57FF3E6E-D477-4430-A998-1C7E42E88CBA}.Release|Any CPU.Build.0 = Release|Any CPU
	EndGlobalSection
	GlobalSection(SolutionProperties) = preSolution
		HideSolutionNode = FALSE
	EndGlobalSection
	GlobalSection(ExtensibilityGlobals) = postSolution
		SolutionGuid = {841E1FC4-29EE-45BC-9415-4471868E489E}
	EndGlobalSection
EndGlobal
